// !$*UTF8*$!
{
	archiveVersion = 1;
	classes = {
	};
	objectVersion = 56;
	objects = {

/* Begin PBXBuildFile section */
		7937B8962B82D77B005DC9A0 /* AppDelegate.swift in Sources */ = {isa = PBXBuildFile; fileRef = 7937B8952B82D77B005DC9A0 /* AppDelegate.swift */; };
		7937B8982B82D77B005DC9A0 /* SceneDelegate.swift in Sources */ = {isa = PBXBuildFile; fileRef = 7937B8972B82D77B005DC9A0 /* SceneDelegate.swift */; };
		7937B89A2B82D77B005DC9A0 /* ViewController.swift in Sources */ = {isa = PBXBuildFile; fileRef = 7937B8992B82D77B005DC9A0 /* ViewController.swift */; };
		7937B89D2B82D77B005DC9A0 /* Main.storyboard in Resources */ = {isa = PBXBuildFile; fileRef = 7937B89B2B82D77B005DC9A0 /* Main.storyboard */; };
		7937B89F2B82D77C005DC9A0 /* Assets.xcassets in Resources */ = {isa = PBXBuildFile; fileRef = 7937B89E2B82D77C005DC9A0 /* Assets.xcassets */; };
		7937B8A22B82D77C005DC9A0 /* LaunchScreen.storyboard in Resources */ = {isa = PBXBuildFile; fileRef = 7937B8A02B82D77C005DC9A0 /* LaunchScreen.storyboard */; };
		79844B402B82E712005AE1CE /* ConvertLogic.swift in Sources */ = {isa = PBXBuildFile; fileRef = 79844B3F2B82E712005AE1CE /* ConvertLogic.swift */; };
		79844B442B82F46C005AE1CE /* ConversionView.swift in Sources */ = {isa = PBXBuildFile; fileRef = 79844B432B82F46C005AE1CE /* ConversionView.swift */; };
/* End PBXBuildFile section */

/* Begin PBXFileReference section */
		7937B8922B82D77B005DC9A0 /* assignment6.app */ = {isa = PBXFileReference; explicitFileType = wrapper.application; includeInIndex = 0; path = assignment6.app; sourceTree = BUILT_PRODUCTS_DIR; };
		7937B8952B82D77B005DC9A0 /* AppDelegate.swift */ = {isa = PBXFileReference; lastKnownFileType = sourcecode.swift; path = AppDelegate.swift; sourceTree = "<group>"; };
		7937B8972B82D77B005DC9A0 /* SceneDelegate.swift */ = {isa = PBXFileReference; lastKnownFileType = sourcecode.swift; path = SceneDelegate.swift; sourceTree = "<group>"; };
		7937B8992B82D77B005DC9A0 /* ViewController.swift */ = {isa = PBXFileReference; lastKnownFileType = sourcecode.swift; path = ViewController.swift; sourceTree = "<group>"; };
		7937B89C2B82D77B005DC9A0 /* Base */ = {isa = PBXFileReference; lastKnownFileType = file.storyboard; name = Base; path = Base.lproj/Main.storyboard; sourceTree = "<group>"; };
		7937B89E2B82D77C005DC9A0 /* Assets.xcassets */ = {isa = PBXFileReference; lastKnownFileType = folder.assetcatalog; path = Assets.xcassets; sourceTree = "<group>"; };
		7937B8A12B82D77C005DC9A0 /* Base */ = {isa = PBXFileReference; lastKnownFileType = file.storyboard; name = Base; path = Base.lproj/LaunchScreen.storyboard; sourceTree = "<group>"; };
		7937B8A32B82D77C005DC9A0 /* Info.plist */ = {isa = PBXFileReference; lastKnownFileType = text.plist.xml; path = Info.plist; sourceTree = "<group>"; };
		79844B3F2B82E712005AE1CE /* ConvertLogic.swift */ = {isa = PBXFileReference; lastKnownFileType = sourcecode.swift; path = ConvertLogic.swift; sourceTree = "<group>"; };
		79844B432B82F46C005AE1CE /* ConversionView.swift */ = {isa = PBXFileReference; lastKnownFileType = sourcecode.swift; path = ConversionView.swift; sourceTree = "<group>"; };
/* End PBXFileReference section */

/* Begin PBXFrameworksBuildPhase section */
		7937B88F2B82D77B005DC9A0 /* Frameworks */ = {
			isa = PBXFrameworksBuildPhase;
			buildActionMask = 2147483647;
			files = (
			);
			runOnlyForDeploymentPostprocessing = 0;
		};
/* End PBXFrameworksBuildPhase section */

/* Begin PBXGroup section */
		7937B8892B82D77B005DC9A0 = {
			isa = PBXGroup;
			children = (
				7937B8942B82D77B005DC9A0 /* assignment6 */,
				7937B8932B82D77B005DC9A0 /* Products */,
			);
			sourceTree = "<group>";
		};
		7937B8932B82D77B005DC9A0 /* Products */ = {
			isa = PBXGroup;
			children = (
				7937B8922B82D77B005DC9A0 /* assignment6.app */,
			);
			name = Products;
			sourceTree = "<group>";
		};
		7937B8942B82D77B005DC9A0 /* assignment6 */ = {
			isa = PBXGroup;
			children = (
				7937B8952B82D77B005DC9A0 /* AppDelegate.swift */,
				7937B8972B82D77B005DC9A0 /* SceneDelegate.swift */,
				79844B422B82F3DC005AE1CE /* View */,
				79844B412B82E738005AE1CE /* Model */,
				7937B89B2B82D77B005DC9A0 /* Main.storyboard */,
				7937B89E2B82D77C005DC9A0 /* Assets.xcassets */,
				7937B8A02B82D77C005DC9A0 /* LaunchScreen.storyboard */,
				7937B8A32B82D77C005DC9A0 /* Info.plist */,
			);
			path = assignment6;
			sourceTree = "<group>";
		};
		79844B412B82E738005AE1CE /* Model */ = {
			isa = PBXGroup;
			children = (
				79844B3F2B82E712005AE1CE /* ConvertLogic.swift */,
			);
			path = Model;
			sourceTree = "<group>";
		};
		79844B422B82F3DC005AE1CE /* View */ = {
			isa = PBXGroup;
			children = (
				7937B8992B82D77B005DC9A0 /* ViewController.swift */,
				79844B432B82F46C005AE1CE /* ConversionView.swift */,
			);
			path = View;
			sourceTree = "<group>";
		};
/* End PBXGroup section */

/* Begin PBXNativeTarget section */
		7937B8912B82D77B005DC9A0 /* assignment6 */ = {
			isa = PBXNativeTarget;
			buildConfigurationList = 7937B8A62B82D77C005DC9A0 /* Build configuration list for PBXNativeTarget "assignment6" */;
			buildPhases = (
				7937B88E2B82D77B005DC9A0 /* Sources */,
				7937B88F2B82D77B005DC9A0 /* Frameworks */,
				7937B8902B82D77B005DC9A0 /* Resources */,
			);
			buildRules = (
			);
			dependencies = (
			);
			name = assignment6;
			productName = assignment6;
			productReference = 7937B8922B82D77B005DC9A0 /* assignment6.app */;
			productType = "com.apple.product-type.application";
		};
/* End PBXNativeTarget section */

/* Begin PBXProject section */
		7937B88A2B82D77B005DC9A0 /* Project object */ = {
			isa = PBXProject;
			attributes = {
				BuildIndependentTargetsInParallel = 1;
				LastSwiftUpdateCheck = 1520;
				LastUpgradeCheck = 1520;
				TargetAttributes = {
					7937B8912B82D77B005DC9A0 = {
						CreatedOnToolsVersion = 15.2;
					};
				};
			};
			buildConfigurationList = 7937B88D2B82D77B005DC9A0 /* Build configuration list for PBXProject "assignment6" */;
			compatibilityVersion = "Xcode 14.0";
			developmentRegion = en;
			hasScannedForEncodings = 0;
			knownRegions = (
				en,
				Base,
			);
			mainGroup = 7937B8892B82D77B005DC9A0;
			productRefGroup = 7937B8932B82D77B005DC9A0 /* Products */;
			projectDirPath = "";
			projectRoot = "";
			targets = (
				7937B8912B82D77B005DC9A0 /* assignment6 */,
			);
		};
/* End PBXProject section */

/* Begin PBXResourcesBuildPhase section */
		7937B8902B82D77B005DC9A0 /* Resources */ = {
			isa = PBXResourcesBuildPhase;
			buildActionMask = 2147483647;
			files = (
				7937B8A22B82D77C005DC9A0 /* LaunchScreen.storyboard in Resources */,
				7937B89F2B82D77C005DC9A0 /* Assets.xcassets in Resources */,
				7937B89D2B82D77B005DC9A0 /* Main.storyboard in Resources */,
			);
			runOnlyForDeploymentPostprocessing = 0;
		};
/* End PBXResourcesBuildPhase section */

/* Begin PBXSourcesBuildPhase section */
		7937B88E2B82D77B005DC9A0 /* Sources */ = {
			isa = PBXSourcesBuildPhase;
			buildActionMask = 2147483647;
			files = (
				79844B402B82E712005AE1CE /* ConvertLogic.swift in Sources */,
				79844B442B82F46C005AE1CE /* ConversionView.swift in Sources */,
				7937B89A2B82D77B005DC9A0 /* ViewController.swift in Sources */,
				7937B8962B82D77B005DC9A0 /* AppDelegate.swift in Sources */,
				7937B8982B82D77B005DC9A0 /* SceneDelegate.swift in Sources */,
			);
			runOnlyForDeploymentPostprocessing = 0;
		};
/* End PBXSourcesBuildPhase section */

/* Begin PBXVariantGroup section */
		7937B89B2B82D77B005DC9A0 /* Main.storyboard */ = {
			isa = PBXVariantGroup;
			children = (
				7937B89C2B82D77B005DC9A0 /* Base */,
			);
			name = Main.storyboard;
			sourceTree = "<group>";
		};
		7937B8A02B82D77C005DC9A0 /* LaunchScreen.storyboard */ = {
			isa = PBXVariantGroup;
			children = (
				7937B8A12B82D77C005DC9A0 /* Base */,
			);
			name = LaunchScreen.storyboard;
			sourceTree = "<group>";
		};
/* End PBXVariantGroup section */

/* Begin XCBuildConfiguration section */
		7937B8A42B82D77C005DC9A0 /* Debug */ = {
			isa = XCBuildConfiguration;
			buildSettings = {
				ALWAYS_SEARCH_USER_PATHS = NO;
				ASSETCATALOG_COMPILER_GENERATE_SWIFT_ASSET_SYMBOL_EXTENSIONS = YES;
				CLANG_ANALYZER_NONNULL = YES;
				CLANG_ANALYZER_NUMBER_OBJECT_CONVERSION = YES_AGGRESSIVE;
				CLANG_CXX_LANGUAGE_STANDARD = "gnu++20";
				CLANG_ENABLE_MODULES = YES;
				CLANG_ENABLE_OBJC_ARC = YES;
				CLANG_ENABLE_OBJC_WEAK = YES;
				CLANG_WARN_BLOCK_CAPTURE_AUTORELEASING = YES;
				CLANG_WARN_BOOL_CONVERSION = YES;
				CLANG_WARN_COMMA = YES;
				CLANG_WARN_CONSTANT_CONVERSION = YES;
				CLANG_WARN_DEPRECATED_OBJC_IMPLEMENTATIONS = YES;
				CLANG_WARN_DIRECT_OBJC_ISA_USAGE = YES_ERROR;
				CLANG_WARN_DOCUMENTATION_COMMENTS = YES;
				CLANG_WARN_EMPTY_BODY = YES;
				CLANG_WARN_ENUM_CONVERSION = YES;
				CLANG_WARN_INFINITE_RECURSION = YES;
				CLANG_WARN_INT_CONVERSION = YES;
				CLANG_WARN_NON_LITERAL_NULL_CONVERSION = YES;
				CLANG_WARN_OBJC_IMPLICIT_RETAIN_SELF = YES;
				CLANG_WARN_OBJC_LITERAL_CONVERSION = YES;
				CLANG_WARN_OBJC_ROOT_CLASS = YES_ERROR;
				CLANG_WARN_QUOTED_INCLUDE_IN_FRAMEWORK_HEADER = YES;
				CLANG_WARN_RANGE_LOOP_ANALYSIS = YES;
				CLANG_WARN_STRICT_PROTOTYPES = YES;
				CLANG_WARN_SUSPICIOUS_MOVE = YES;
				CLANG_WARN_UNGUARDED_AVAILABILITY = YES_AGGRESSIVE;
				CLANG_WARN_UNREACHABLE_CODE = YES;
				CLANG_WARN__DUPLICATE_METHOD_MATCH = YES;
				COPY_PHASE_STRIP = NO;
				DEBUG_INFORMATION_FORMAT = dwarf;
				ENABLE_STRICT_OBJC_MSGSEND = YES;
				ENABLE_TESTABILITY = YES;
				ENABLE_USER_SCRIPT_SANDBOXING = YES;
				GCC_C_LANGUAGE_STANDARD = gnu17;
				GCC_DYNAMIC_NO_PIC = NO;
				GCC_NO_COMMON_BLOCKS = YES;
				GCC_OPTIMIZATION_LEVEL = 0;
				GCC_PREPROCESSOR_DEFINITIONS = (
					"DEBUG=1",
					"$(inherited)",
				);
				GCC_WARN_64_TO_32_BIT_CONVERSION = YES;
				GCC_WARN_ABOUT_RETURN_TYPE = YES_ERROR;
				GCC_WARN_UNDECLARED_SELECTOR = YES;
				GCC_WARN_UNINITIALIZED_AUTOS = YES_AGGRESSIVE;
				GCC_WARN_UNUSED_FUNCTION = YES;
				GCC_WARN_UNUSED_VARIABLE = YES;
				IPHONEOS_DEPLOYMENT_TARGET = 17.2;
				LOCALIZATION_PREFERS_STRING_CATALOGS = YES;
				MTL_ENABLE_DEBUG_INFO = INCLUDE_SOURCE;
				MTL_FAST_MATH = YES;
				ONLY_ACTIVE_ARCH = YES;
				SDKROOT = iphoneos;
				SWIFT_ACTIVE_COMPILATION_CONDITIONS = "DEBUG $(inherited)";
				SWIFT_OPTIMIZATION_LEVEL = "-Onone";
			};
			name = Debug;
		};
		7937B8A52B82D77C005DC9A0 /* Release */ = {
			isa = XCBuildConfiguration;
			buildSettings = {
				ALWAYS_SEARCH_USER_PATHS = NO;
				ASSETCATALOG_COMPILER_GENERATE_SWIFT_ASSET_SYMBOL_EXTENSIONS = YES;
				CLANG_ANALYZER_NONNULL = YES;
				CLANG_ANALYZER_NUMBER_OBJECT_CONVERSION = YES_AGGRESSIVE;
				CLANG_CXX_LANGUAGE_STANDARD = "gnu++20";
				CLANG_ENABLE_MODULES = YES;
				CLANG_ENABLE_OBJC_ARC = YES;
				CLANG_ENABLE_OBJC_WEAK = YES;
				CLANG_WARN_BLOCK_CAPTURE_AUTORELEASING = YES;
				CLANG_WARN_BOOL_CONVERSION = YES;
				CLANG_WARN_COMMA = YES;
				CLANG_WARN_CONSTANT_CONVERSION = YES;
				CLANG_WARN_DEPRECATED_OBJC_IMPLEMENTATIONS = YES;
				CLANG_WARN_DIRECT_OBJC_ISA_USAGE = YES_ERROR;
				CLANG_WARN_DOCUMENTATION_COMMENTS = YES;
				CLANG_WARN_EMPTY_BODY = YES;
				CLANG_WARN_ENUM_CONVERSION = YES;
				CLANG_WARN_INFINITE_RECURSION = YES;
				CLANG_WARN_INT_CONVERSION = YES;
				CLANG_WARN_NON_LITERAL_NULL_CONVERSION = YES;
				CLANG_WARN_OBJC_IMPLICIT_RETAIN_SELF = YES;
				CLANG_WARN_OBJC_LITERAL_CONVERSION = YES;
				CLANG_WARN_OBJC_ROOT_CLASS = YES_ERROR;
				CLANG_WARN_QUOTED_INCLUDE_IN_FRAMEWORK_HEADER = YES;
				CLANG_WARN_RANGE_LOOP_ANALYSIS = YES;
				CLANG_WARN_STRICT_PROTOTYPES = YES;
				CLANG_WARN_SUSPICIOUS_MOVE = YES;
				CLANG_WARN_UNGUARDED_AVAILABILITY = YES_AGGRESSIVE;
				CLANG_WARN_UNREACHABLE_CODE = YES;
				CLANG_WARN__DUPLICATE_METHOD_MATCH = YES;
				COPY_PHASE_STRIP = NO;
				DEBUG_INFORMATION_FORMAT = "dwarf-with-dsym";
				ENABLE_NS_ASSERTIONS = NO;
				ENABLE_STRICT_OBJC_MSGSEND = YES;
				ENABLE_USER_SCRIPT_SANDBOXING = YES;
				GCC_C_LANGUAGE_STANDARD = gnu17;
				GCC_NO_COMMON_BLOCKS = YES;
				GCC_WARN_64_TO_32_BIT_CONVERSION = YES;
				GCC_WARN_ABOUT_RETURN_TYPE = YES_ERROR;
				GCC_WARN_UNDECLARED_SELECTOR = YES;
				GCC_WARN_UNINITIALIZED_AUTOS = YES_AGGRESSIVE;
				GCC_WARN_UNUSED_FUNCTION = YES;
				GCC_WARN_UNUSED_VARIABLE = YES;
				IPHONEOS_DEPLOYMENT_TARGET = 17.2;
				LOCALIZATION_PREFERS_STRING_CATALOGS = YES;
				MTL_ENABLE_DEBUG_INFO = NO;
				MTL_FAST_MATH = YES;
				SDKROOT = iphoneos;
				SWIFT_COMPILATION_MODE = wholemodule;
				VALIDATE_PRODUCT = YES;
			};
			name = Release;
		};
		7937B8A72B82D77C005DC9A0 /* Debug */ = {
			isa = XCBuildConfiguration;
			buildSettings = {
				ASSETCATALOG_COMPILER_APPICON_NAME = AppIcon;
				ASSETCATALOG_COMPILER_GLOBAL_ACCENT_COLOR_NAME = AccentColor;
				CODE_SIGN_STYLE = Automatic;
				CURRENT_PROJECT_VERSION = 1;
				GENERATE_INFOPLIST_FILE = YES;
				INFOPLIST_FILE = assignment6/Info.plist;
				INFOPLIST_KEY_UIApplicationSupportsIndirectInputEvents = YES;
				INFOPLIST_KEY_UILaunchStoryboardName = LaunchScreen;
				INFOPLIST_KEY_UIMainStoryboardFile = Main;
				INFOPLIST_KEY_UISupportedInterfaceOrientations_iPad = "UIInterfaceOrientationPortrait UIInterfaceOrientationPortraitUpsideDown UIInterfaceOrientationLandscapeLeft UIInterfaceOrientationLandscapeRight";
				INFOPLIST_KEY_UISupportedInterfaceOrientations_iPhone = "UIInterfaceOrientationPortrait UIInterfaceOrientationLandscapeLeft UIInterfaceOrientationLandscapeRight";
				IPHONEOS_DEPLOYMENT_TARGET = 16.4;
				LD_RUNPATH_SEARCH_PATHS = (
					"$(inherited)",
					"@executable_path/Frameworks",
				);
				MARKETING_VERSION = 1.0;
				PRODUCT_BUNDLE_IDENTIFIER = edu.auburn.onlinecsse.assignment6;
				PRODUCT_NAME = "$(TARGET_NAME)";
				SWIFT_EMIT_LOC_STRINGS = YES;
				SWIFT_VERSION = 5.0;
				TARGETED_DEVICE_FAMILY = "1,2";
			};
			name = Debug;
		};
		7937B8A82B82D77C005DC9A0 /* Release */ = {
			isa = XCBuildConfiguration;
			buildSettings = {
				ASSETCATALOG_COMPILER_APPICON_NAME = AppIcon;
				ASSETCATALOG_COMPILER_GLOBAL_ACCENT_COLOR_NAME = AccentColor;
				CODE_SIGN_STYLE = Automatic;
				CURRENT_PROJECT_VERSION = 1;
				GENERATE_INFOPLIST_FILE = YES;
				INFOPLIST_FILE = assignment6/Info.plist;
				INFOPLIST_KEY_UIApplicationSupportsIndirectInputEvents = YES;
				INFOPLIST_KEY_UILaunchStoryboardName = LaunchScreen;
				INFOPLIST_KEY_UIMainStoryboardFile = Main;
				INFOPLIST_KEY_UISupportedInterfaceOrientations_iPad = "UIInterfaceOrientationPortrait UIInterfaceOrientationPortraitUpsideDown UIInterfaceOrientationLandscapeLeft UIInterfaceOrientationLandscapeRight";
				INFOPLIST_KEY_UISupportedInterfaceOrientations_iPhone = "UIInterfaceOrientationPortrait UIInterfaceOrientationLandscapeLeft UIInterfaceOrientationLandscapeRight";
				IPHONEOS_DEPLOYMENT_TARGET = 16.4;
				LD_RUNPATH_SEARCH_PATHS = (
					"$(inherited)",
					"@executable_path/Frameworks",
				);
				MARKETING_VERSION = 1.0;
				PRODUCT_BUNDLE_IDENTIFIER = edu.auburn.onlinecsse.assignment6;
				PRODUCT_NAME = "$(TARGET_NAME)";
				SWIFT_EMIT_LOC_STRINGS = YES;
				SWIFT_VERSION = 5.0;
				TARGETED_DEVICE_FAMILY = "1,2";
			};
			name = Release;
		};
/* End XCBuildConfiguration section */

/* Begin XCConfigurationList section */
		7937B88D2B82D77B005DC9A0 /* Build configuration list for PBXProject "assignment6" */ = {
			isa = XCConfigurationList;
			buildConfigurations = (
				7937B8A42B82D77C005DC9A0 /* Debug */,
				7937B8A52B82D77C005DC9A0 /* Release */,
			);
			defaultConfigurationIsVisible = 0;
			defaultConfigurationName = Release;
		};
		7937B8A62B82D77C005DC9A0 /* Build configuration list for PBXNativeTarget "assignment6" */ = {
			isa = XCConfigurationList;
			buildConfigurations = (
				7937B8A72B82D77C005DC9A0 /* Debug */,
				7937B8A82B82D77C005DC9A0 /* Release */,
			);
			defaultConfigurationIsVisible = 0;
			defaultConfigurationName = Release;
		};
/* End XCConfigurationList section */
	};
	rootObject = 7937B88A2B82D77B005DC9A0 /* Project object */;
}
